# This file is automatically @generated by Cargo.
# It is not intended for manual editing.
version = 4

[[package]]
name = "elfa-cli"
version = "0.0.0"
dependencies = [
 "elfa-model",
 "elfa-parse",
 "elfa-render",
 "elfa-trace",
]

[[package]]
name = "elfa-model"
version = "0.0.0"
dependencies = [
 "elfa-parse",
]

[[package]]
name = "elfa-parse"
version = "0.0.0"

[[package]]
name = "elfa-render"
version = "0.0.0"
dependencies = [
 "elfa-model",
 "elfa-parse",
]

[[package]]
name = "elfa-trace"
version = "0.0.0"
